// !$*UTF8*$!
{ archiveVersion = 1; classes = {}; objectVersion = 56; objects = {
90D6EAD6D9B1177A50122577 = { isa = PBXFileReference; lastKnownFileType = sourcecode.swift; path = "Sources/CalendarOmni/CalendarOmni.swift"; sourceTree = SOURCE_ROOT; };
0CE2DD402181266607D66F9C = { isa = PBXBuildFile; fileRef = 90D6EAD6D9B1177A50122577; };
9DCCFC477A8FDCE8351F80A6 = { isa = PBXFileReference; lastKnownFileType = sourcecode.swift; path = "Sources/CalendarOmni/CalendarService.swift"; sourceTree = SOURCE_ROOT; };
B336EB9306C931D8BF202F08 = { isa = PBXBuildFile; fileRef = 9DCCFC477A8FDCE8351F80A6; };
7D2304966ADB01A62DF6B1CE = { isa = PBXBuildFile; fileRef = 9DCCFC477A8FDCE8351F80A6; };
6DF6868E5587AA1881027F43 = { isa = PBXFileReference; lastKnownFileType = sourcecode.swift; path = "Sources/CalendarOmni/CreateCommand.swift"; sourceTree = SOURCE_ROOT; };
27D6C26F2A307D86B8499F9A = { isa = PBXBuildFile; fileRef = 6DF6868E5587AA1881027F43; };
E5858C6825B4B6ACFCB3FEEC = { isa = PBXFileReference; lastKnownFileType = sourcecode.swift; path = "Sources/CalendarOmni/DateParsing.swift"; sourceTree = SOURCE_ROOT; };
F3C2582E37F2C878E3F78AF5 = { isa = PBXBuildFile; fileRef = E5858C6825B4B6ACFCB3FEEC; };
FEB895D8A23B8D203B3BCB78 = { isa = PBXBuildFile; fileRef = E5858C6825B4B6ACFCB3FEEC; };
0527FFF0F93E9751C2FD22D6 = { isa = PBXFileReference; lastKnownFileType = sourcecode.swift; path = "Sources/CalendarOmni/EventRecord.swift"; sourceTree = SOURCE_ROOT; };
FDEDA14AA65C2DD449CC0561 = { isa = PBXBuildFile; fileRef = 0527FFF0F93E9751C2FD22D6; };
EA1B4FE6F09C2CB45AD84AC4 = { isa = PBXBuildFile; fileRef = 0527FFF0F93E9751C2FD22D6; };
4DEA8345678FD550FC2319D3 = { isa = PBXFileReference; lastKnownFileType = sourcecode.swift; path = "Sources/CalendarOmni/ExtractCommand.swift"; sourceTree = SOURCE_ROOT; };
017ED0A17D387F6332D7F6E6 = { isa = PBXBuildFile; fileRef = 4DEA8345678FD550FC2319D3; };
096EE9DE75E9DA040DDEF3F1 = { isa = PBXFileReference; lastKnownFileType = sourcecode.swift; path = "Sources/CalendarOmni/OutputWriter.swift"; sourceTree = SOURCE_ROOT; };
C85A310783B5DE5700C56533 = { isa = PBXBuildFile; fileRef = 096EE9DE75E9DA040DDEF3F1; };
5EAC27402DBBC29E40113703 = { isa = PBXBuildFile; fileRef = 096EE9DE75E9DA040DDEF3F1; };
9249958470B94C9B99E87AAD = { isa = PBXFileReference; lastKnownFileType = sourcecode.swift; path = "Sources/CalendarOmni/UpdateCommand.swift"; sourceTree = SOURCE_ROOT; };
FD36C4B58DCBABBD450C7798 = { isa = PBXBuildFile; fileRef = 9249958470B94C9B99E87AAD; };
E30180FC61E4E7C108260133 = { isa = PBXFileReference; lastKnownFileType = sourcecode.swift; path = "Sources/CalendarOmni/UpdateInput.swift"; sourceTree = SOURCE_ROOT; };
127A2ECA8D8C80AE76BC4DAD = { isa = PBXBuildFile; fileRef = E30180FC61E4E7C108260133; };
B491AA97EF71DA96D8CDE308 = { isa = PBXBuildFile; fileRef = E30180FC61E4E7C108260133; };
04D13FD0AA6F0197CF2C9990 = { isa = PBXFileReference; lastKnownFileType = sourcecode.swift; path = Tests/CalendarOmniTests/CalendarOmniTests.swift; sourceTree = SOURCE_ROOT; };
80FAC02A0BD5812E2A00F339 = { isa = PBXBuildFile; fileRef = 04D13FD0AA6F0197CF2C9990; };
1DC66FB4D3F802C2F0D3FF6F = { isa = PBXFileReference; explicitFileType = "compiled.mach-o.executable"; path = CalendarOmni; sourceTree = BUILT_PRODUCTS_DIR; };
B7480EC88B7F22D0A4757273 = { isa = PBXFileReference; explicitFileType = wrapper.cfbundle; path = CalendarOmniTests.xctest; sourceTree = BUILT_PRODUCTS_DIR; };
FBDC4F23F93125BBEEAE800C = { isa = PBXGroup; name = Products; children = (1DC66FB4D3F802C2F0D3FF6F,B7480EC88B7F22D0A4757273,); sourceTree = "<group>"; };
429D0230C59596BAEA6CC819 = { isa = PBXFileReference; lastKnownFileType = "text.plist.xml"; path = "Resources/Info.plist"; sourceTree = SOURCE_ROOT; };
8EC9A00BFD09B3190AC6B222 = { isa = PBXFileReference; lastKnownFileType = "net.daringfireball.markdown"; path = "README.md"; sourceTree = SOURCE_ROOT; };
A1CB1D4669BABF57D3DE3EC4 = { isa = PBXFileReference; lastKnownFileType = "net.daringfireball.markdown"; path = "SKILLS.md"; sourceTree = SOURCE_ROOT; };
3B8BB783D25E27C94C2AE663 = { isa = PBXFileReference; lastKnownFileType = "text.json"; path = "CalendarOmni.schema.json"; sourceTree = SOURCE_ROOT; };
B0C744087B05B56E9AA46960 = { isa = PBXFileReference; lastKnownFileType = "text.json"; path = "CalendarOmni.update.schema.json"; sourceTree = SOURCE_ROOT; };
B28B7AF69320201D1CF206EB = { isa = PBXGroup; children = (90D6EAD6D9B1177A50122577,9DCCFC477A8FDCE8351F80A6,6DF6868E5587AA1881027F43,E5858C6825B4B6ACFCB3FEEC,0527FFF0F93E9751C2FD22D6,4DEA8345678FD550FC2319D3,096EE9DE75E9DA040DDEF3F1,9249958470B94C9B99E87AAD,E30180FC61E4E7C108260133,04D13FD0AA6F0197CF2C9990,429D0230C59596BAEA6CC819,8EC9A00BFD09B3190AC6B222,A1CB1D4669BABF57D3DE3EC4,3B8BB783D25E27C94C2AE663,B0C744087B05B56E9AA46960,FBDC4F23F93125BBEEAE800C,); sourceTree = "<group>"; };
582681C2EAE02B3F3D399C0C = { isa = XCRemoteSwiftPackageReference; repositoryURL = "https://github.com/apple/swift-argument-parser.git"; requirement = { kind = exactVersion; version = 1.7.2; }; };
95324DE690AD48FE8F91BDEE = { isa = XCSwiftPackageProductDependency; package = 582681C2EAE02B3F3D399C0C; productName = ArgumentParser; };
8F9A0083544E1EF6224DD4CA = { isa = PBXBuildFile; productRef = 95324DE690AD48FE8F91BDEE; };
DD11ACAA848C942E479E905E = { isa = PBXSourcesBuildPhase; buildActionMask = 2147483647; files = (0CE2DD402181266607D66F9C,B336EB9306C931D8BF202F08,27D6C26F2A307D86B8499F9A,F3C2582E37F2C878E3F78AF5,FDEDA14AA65C2DD449CC0561,017ED0A17D387F6332D7F6E6,C85A310783B5DE5700C56533,FD36C4B58DCBABBD450C7798,127A2ECA8D8C80AE76BC4DAD,); runOnlyForDeploymentPostprocessing = 0; };
9F3002A5D69B22D357A58AA9 = { isa = PBXSourcesBuildPhase; buildActionMask = 2147483647; files = (7D2304966ADB01A62DF6B1CE,FEB895D8A23B8D203B3BCB78,EA1B4FE6F09C2CB45AD84AC4,5EAC27402DBBC29E40113703,B491AA97EF71DA96D8CDE308,80FAC02A0BD5812E2A00F339,); runOnlyForDeploymentPostprocessing = 0; };
AD8062A4B0B689E9B93A3054 = { isa = PBXFrameworksBuildPhase; buildActionMask = 2147483647; files = (8F9A0083544E1EF6224DD4CA,); runOnlyForDeploymentPostprocessing = 0; };
99C7943D90D870A50ADE9160 = { isa = PBXFrameworksBuildPhase; buildActionMask = 2147483647; files = (); runOnlyForDeploymentPostprocessing = 0; };
89E1FD6268CC0F221A2BE178 = { isa = XCBuildConfiguration; name = Debug; buildSettings = {SWIFT_VERSION = "6.0"; MACOSX_DEPLOYMENT_TARGET = "14.0"; SDKROOT = "macosx"; CLANG_ENABLE_MODULES = "YES"; SWIFT_STRICT_CONCURRENCY = "complete"; CODE_SIGN_IDENTITY = "-"; CODE_SIGN_STYLE = "Manual"; ENABLE_APP_SANDBOX = "NO"; ONLY_ACTIVE_ARCH = YES; SWIFT_OPTIMIZATION_LEVEL = "-Onone"; DEBUG_INFORMATION_FORMAT = "dwarf"; SWIFT_ACTIVE_COMPILATION_CONDITIONS = "DEBUG";}; };
E6DE6C99132752C914FEF632 = { isa = XCBuildConfiguration; name = Release; buildSettings = {SWIFT_VERSION = "6.0"; MACOSX_DEPLOYMENT_TARGET = "14.0"; SDKROOT = "macosx"; CLANG_ENABLE_MODULES = "YES"; SWIFT_STRICT_CONCURRENCY = "complete"; CODE_SIGN_IDENTITY = "-"; CODE_SIGN_STYLE = "Manual"; ENABLE_APP_SANDBOX = "NO"; SWIFT_OPTIMIZATION_LEVEL = "-O"; DEBUG_INFORMATION_FORMAT = "dwarf-with-dsym"; SWIFT_ACTIVE_COMPILATION_CONDITIONS = "";}; };
862894B703A6DEDF96A9DD6C = { isa = XCConfigurationList; buildConfigurations = (89E1FD6268CC0F221A2BE178,E6DE6C99132752C914FEF632,); defaultConfigurationIsVisible = 0; defaultConfigurationName = Release; };
FD84FDEBD0614654A221F151 = { isa = XCBuildConfiguration; name = Debug; buildSettings = {SWIFT_VERSION = "6.0"; MACOSX_DEPLOYMENT_TARGET = "14.0"; SDKROOT = "macosx"; CLANG_ENABLE_MODULES = "YES"; SWIFT_STRICT_CONCURRENCY = "complete"; CODE_SIGN_IDENTITY = "-"; CODE_SIGN_STYLE = "Manual"; ENABLE_APP_SANDBOX = "NO"; ONLY_ACTIVE_ARCH = YES; SWIFT_OPTIMIZATION_LEVEL = "-Onone"; DEBUG_INFORMATION_FORMAT = "dwarf"; SWIFT_ACTIVE_COMPILATION_CONDITIONS = "DEBUG"; PRODUCT_NAME = "CalendarOmni"; PRODUCT_BUNDLE_IDENTIFIER = "local.CalendarOmni"; CREATE_INFOPLIST_SECTION_IN_BINARY = "YES"; INFOPLIST_FILE = "Resources/Info.plist"; GENERATE_INFOPLIST_FILE = "NO"; LD_RUNPATH_SEARCH_PATHS = "$(inherited) @executable_path/../Frameworks"; MARKETING_VERSION = "0.0.1"; CURRENT_PROJECT_VERSION = "1";}; };
C234D46E75C553BD436BA327 = { isa = XCBuildConfiguration; name = Release; buildSettings = {SWIFT_VERSION = "6.0"; MACOSX_DEPLOYMENT_TARGET = "14.0"; SDKROOT = "macosx"; CLANG_ENABLE_MODULES = "YES"; SWIFT_STRICT_CONCURRENCY = "complete"; CODE_SIGN_IDENTITY = "-"; CODE_SIGN_STYLE = "Manual"; ENABLE_APP_SANDBOX = "NO"; SWIFT_OPTIMIZATION_LEVEL = "-O"; DEBUG_INFORMATION_FORMAT = "dwarf-with-dsym"; SWIFT_ACTIVE_COMPILATION_CONDITIONS = ""; PRODUCT_NAME = "CalendarOmni"; PRODUCT_BUNDLE_IDENTIFIER = "local.CalendarOmni"; CREATE_INFOPLIST_SECTION_IN_BINARY = "YES"; INFOPLIST_FILE = "Resources/Info.plist"; GENERATE_INFOPLIST_FILE = "NO"; LD_RUNPATH_SEARCH_PATHS = "$(inherited) @executable_path/../Frameworks"; MARKETING_VERSION = "0.0.1"; CURRENT_PROJECT_VERSION = "1";}; };
CDBD754866EB8F799289CA62 = { isa = XCConfigurationList; buildConfigurations = (FD84FDEBD0614654A221F151,C234D46E75C553BD436BA327,); defaultConfigurationIsVisible = 0; defaultConfigurationName = Release; };
FCB48D8F88BCDB0ED9FADFD7 = { isa = XCBuildConfiguration; name = Debug; buildSettings = {SWIFT_VERSION = "6.0"; MACOSX_DEPLOYMENT_TARGET = "14.0"; SDKROOT = "macosx"; CLANG_ENABLE_MODULES = "YES"; SWIFT_STRICT_CONCURRENCY = "complete"; CODE_SIGN_IDENTITY = "-"; CODE_SIGN_STYLE = "Manual"; ENABLE_APP_SANDBOX = "NO"; ONLY_ACTIVE_ARCH = YES; SWIFT_OPTIMIZATION_LEVEL = "-Onone"; DEBUG_INFORMATION_FORMAT = "dwarf"; SWIFT_ACTIVE_COMPILATION_CONDITIONS = "DEBUG"; PRODUCT_NAME = "CalendarOmniTests"; PRODUCT_BUNDLE_IDENTIFIER = "local.CalendarOmniTests"; GENERATE_INFOPLIST_FILE = "YES"; ENABLE_TESTABILITY = "YES"; LD_RUNPATH_SEARCH_PATHS = "$(inherited) @loader_path/../Frameworks @executable_path/../Frameworks"; SWIFT_EMIT_LOC_STRINGS = "NO";}; };
942EEBBACD6C88CAE7F29B29 = { isa = XCBuildConfiguration; name = Release; buildSettings = {SWIFT_VERSION = "6.0"; MACOSX_DEPLOYMENT_TARGET = "14.0"; SDKROOT = "macosx"; CLANG_ENABLE_MODULES = "YES"; SWIFT_STRICT_CONCURRENCY = "complete"; CODE_SIGN_IDENTITY = "-"; CODE_SIGN_STYLE = "Manual"; ENABLE_APP_SANDBOX = "NO"; SWIFT_OPTIMIZATION_LEVEL = "-O"; DEBUG_INFORMATION_FORMAT = "dwarf-with-dsym"; SWIFT_ACTIVE_COMPILATION_CONDITIONS = ""; PRODUCT_NAME = "CalendarOmniTests"; PRODUCT_BUNDLE_IDENTIFIER = "local.CalendarOmniTests"; GENERATE_INFOPLIST_FILE = "YES"; ENABLE_TESTABILITY = "YES"; LD_RUNPATH_SEARCH_PATHS = "$(inherited) @loader_path/../Frameworks @executable_path/../Frameworks"; SWIFT_EMIT_LOC_STRINGS = "NO";}; };
BECB265224D91761C05FDA33 = { isa = XCConfigurationList; buildConfigurations = (FCB48D8F88BCDB0ED9FADFD7,942EEBBACD6C88CAE7F29B29,); defaultConfigurationIsVisible = 0; defaultConfigurationName = Release; };
B4167DB215E685B3B9509970 = { isa = PBXNativeTarget; buildConfigurationList = CDBD754866EB8F799289CA62; buildPhases = (DD11ACAA848C942E479E905E,AD8062A4B0B689E9B93A3054,); buildRules = (); dependencies = (); name = CalendarOmni; packageProductDependencies = (95324DE690AD48FE8F91BDEE,); productName = CalendarOmni; productReference = 1DC66FB4D3F802C2F0D3FF6F; productType = "com.apple.product-type.tool"; };
0A06C5E2DA34E686D888A695 = { isa = PBXNativeTarget; buildConfigurationList = BECB265224D91761C05FDA33; buildPhases = (9F3002A5D69B22D357A58AA9,99C7943D90D870A50ADE9160,); buildRules = (); dependencies = (); name = CalendarOmniTests; productName = CalendarOmniTests; productReference = B7480EC88B7F22D0A4757273; productType = "com.apple.product-type.bundle.unit-test"; };
98F54143AB4E86B28C3AFEE0 = { isa = PBXProject; attributes = { LastUpgradeCheck = 1600; BuildIndependentTargetsInParallel = YES; }; buildConfigurationList = 862894B703A6DEDF96A9DD6C; compatibilityVersion = "Xcode 14.0"; developmentRegion = en; knownRegions = (en,Base); mainGroup = B28B7AF69320201D1CF206EB; productRefGroup = FBDC4F23F93125BBEEAE800C; projectDirPath = ""; projectRoot = ""; packageReferences = (582681C2EAE02B3F3D399C0C,); targets = (B4167DB215E685B3B9509970,0A06C5E2DA34E686D888A695,); };
}; rootObject = 98F54143AB4E86B28C3AFEE0; }
